
Microsoft Visual Studio Solution File, Format Version 12.00
Project("{FAE04EC0-301F-11D3-BF4B-00C04F79EFBC}") = "DevTools.Threading", "DevTools.Threading\DevTools.Threading.csproj", "{478E443B-6812-40C5-A089-7CD6F31A0A02}"
EndProject
Project("{FAE04EC0-301F-11D3-BF4B-00C04F79EFBC}") = "Demo", "Demo\Demo.csproj", "{B527396C-68B9-411E-B525-C4C0A9D73D2D}"
EndProject
Project("{FAE04EC0-301F-11D3-BF4B-00C04F79EFBC}") = "DevTools.Threading.Abstractions", "DevTools.Threading.Abstractions\DevTools.Threading.Abstractions.csproj", "{C1659552-F697-40FE-9F74-0A519795F7C8}"
EndProject
Global
	GlobalSection(SolutionConfigurationPlatforms) = preSolution
		Debug|Any CPU = Debug|Any CPU
		Release|Any CPU = Release|Any CPU
	EndGlobalSection
	GlobalSection(ProjectConfigurationPlatforms) = postSolution
		{478E443B-6812-40C5-A089-7CD6F31A0A02}.Debug|Any CPU.ActiveCfg = Debug|Any CPU
		{478E443B-6812-40C5-A089-7CD6F31A0A02}.Debug|Any CPU.Build.0 = Debug|Any CPU
		{478E443B-6812-40C5-A089-7CD6F31A0A02}.Release|Any CPU.ActiveCfg = Release|Any CPU
		{478E443B-6812-40C5-A089-7CD6F31A0A02}.Release|Any CPU.Build.0 = Release|Any CPU
		{B527396C-68B9-411E-B525-C4C0A9D73D2D}.Debug|Any CPU.ActiveCfg = Debug|Any CPU
		{B527396C-68B9-411E-B525-C4C0A9D73D2D}.Debug|Any CPU.Build.0 = Debug|Any CPU
		{B527396C-68B9-411E-B525-C4C0A9D73D2D}.Release|Any CPU.ActiveCfg = Release|Any CPU
		{B527396C-68B9-411E-B525-C4C0A9D73D2D}.Release|Any CPU.Build.0 = Release|Any CPU
		{C1659552-F697-40FE-9F74-0A519795F7C8}.Debug|Any CPU.ActiveCfg = Debug|Any CPU
		{C1659552-F697-40FE-9F74-0A519795F7C8}.Debug|Any CPU.Build.0 = Debug|Any CPU
		{C1659552-F697-40FE-9F74-0A519795F7C8}.Release|Any CPU.ActiveCfg = Release|Any CPU
		{C1659552-F697-40FE-9F74-0A519795F7C8}.Release|Any CPU.Build.0 = Release|Any CPU
	EndGlobalSection
EndGlobal
